// !$*UTF8*$!
{
	archiveVersion = 1;
	classes = {
	};
	objectVersion = 70;
	objects = {

/* Begin PBXBuildFile section */
		EF3BB0A2207AE60400857D26 /* AppDelegate.swift in Sources */ = {isa = PBXBuildFile; fileRef = EF3BB0A1207AE60400857D26 /* AppDelegate.swift */; };
		EF3BB0A4207AE60400857D26 /* ViewController.swift in Sources */ = {isa = PBXBuildFile; fileRef = EF3BB0A3207AE60400857D26 /* ViewController.swift */; };
		EF3BB0A9207AE60500857D26 /* Assets.xcassets in Resources */ = {isa = PBXBuildFile; fileRef = EF3BB0A8207AE60500857D26 /* Assets.xcassets */; };
		EF3BB0B7207AE60600857D26 /* JLKit_SwiftUITests.swift in Sources */ = {isa = PBXBuildFile; fileRef = EF3BB0B6207AE60600857D26 /* JLKit_SwiftUITests.swift */; };
		EFE449A1213E4C770022B495 /* LaunchScreen.storyboard in Resources */ = {isa = PBXBuildFile; fileRef = EFE4499F213E4C770022B495 /* LaunchScreen.storyboard */; };
		EFE449A2213E4C770022B495 /* Main.storyboard in Resources */ = {isa = PBXBuildFile; fileRef = EFE449A0213E4C770022B495 /* Main.storyboard */; };
		EFE449A6213F5F4E0022B495 /* JLKit_Swift.podspec in Resources */ = {isa = PBXBuildFile; fileRef = EFE449A5213F5F4E0022B495 /* JLKit_Swift.podspec */; };
/* End PBXBuildFile section */

/* Begin PBXContainerItemProxy section */
		EF3BB0B3207AE60500857D26 /* PBXContainerItemProxy */ = {
			isa = PBXContainerItemProxy;
			containerPortal = EF3BB096207AE60400857D26 /* Project object */;
			proxyType = 1;
			remoteGlobalIDString = EF3BB09D207AE60400857D26;
			remoteInfo = JLKit_Swift;
		};
/* End PBXContainerItemProxy section */

/* Begin PBXFileReference section */
		EF2C682A207AE9BB000C07BA /* JLKit_Swift-Bridging-Header.h */ = {isa = PBXFileReference; lastKnownFileType = sourcecode.c.h; name = "JLKit_Swift-Bridging-Header.h"; path = "JLKit_Swift/JLKit_Swift-Bridging-Header.h"; sourceTree = SOURCE_ROOT; };
		EF3BB09E207AE60400857D26 /* JLKit_Swift.app */ = {isa = PBXFileReference; explicitFileType = wrapper.application; includeInIndex = 0; path = JLKit_Swift.app; sourceTree = BUILT_PRODUCTS_DIR; };
		EF3BB0A1207AE60400857D26 /* AppDelegate.swift */ = {isa = PBXFileReference; lastKnownFileType = sourcecode.swift; path = AppDelegate.swift; sourceTree = "<group>"; };
		EF3BB0A3207AE60400857D26 /* ViewController.swift */ = {isa = PBXFileReference; lastKnownFileType = sourcecode.swift; path = ViewController.swift; sourceTree = "<group>"; };
		EF3BB0A8207AE60500857D26 /* Assets.xcassets */ = {isa = PBXFileReference; lastKnownFileType = folder.assetcatalog; path = Assets.xcassets; sourceTree = "<group>"; };
		EF3BB0AD207AE60500857D26 /* Info.plist */ = {isa = PBXFileReference; lastKnownFileType = text.plist.xml; path = Info.plist; sourceTree = "<group>"; };
		EF3BB0B2207AE60500857D26 /* JLKit_SwiftUITests.xctest */ = {isa = PBXFileReference; explicitFileType = wrapper.cfbundle; includeInIndex = 0; path = JLKit_SwiftUITests.xctest; sourceTree = BUILT_PRODUCTS_DIR; };
		EF3BB0B6207AE60600857D26 /* JLKit_SwiftUITests.swift */ = {isa = PBXFileReference; lastKnownFileType = sourcecode.swift; path = JLKit_SwiftUITests.swift; sourceTree = "<group>"; };
		EF3BB0B8207AE60600857D26 /* Info.plist */ = {isa = PBXFileReference; lastKnownFileType = text.plist.xml; path = Info.plist; sourceTree = "<group>"; };
		EFE4499F213E4C770022B495 /* LaunchScreen.storyboard */ = {isa = PBXFileReference; fileEncoding = 4; lastKnownFileType = file.storyboard; path = LaunchScreen.storyboard; sourceTree = "<group>"; };
		EFE449A0213E4C770022B495 /* Main.storyboard */ = {isa = PBXFileReference; fileEncoding = 4; lastKnownFileType = file.storyboard; path = Main.storyboard; sourceTree = "<group>"; };
		EFE449A5213F5F4E0022B495 /* JLKit_Swift.podspec */ = {isa = PBXFileReference; fileEncoding = 4; lastKnownFileType = text; name = JLKit_Swift.podspec; path = ../JLKit_Swift.podspec; sourceTree = "<group>"; xcLanguageSpecificationIdentifier = xcode.lang.ruby; };
/* End PBXFileReference section */

/* Begin PBXFileSystemSynchronizedBuildFileExceptionSet section */
		2FDF3AF22F9B02C9008A810F /* PBXFileSystemSynchronizedBuildFileExceptionSet */ = {
			isa = PBXFileSystemSynchronizedBuildFileExceptionSet;
			membershipExceptions = (
				"Foundation/NSArray+JLKit.m",
				"Foundation/NSDate+JLAge.m",
				"Foundation/NSDictionary+JLKit.m",
				"Foundation/NSString+JLKit.m",
				"Foundation/NSThread+JLKit.m",
				"UIKit/UIColor+JLKit.m",
				"UIKit/UIImage+JLKit.m",
			);
			target = EF3BB09D207AE60400857D26 /* JLKit_Swift */;
		};
/* End PBXFileSystemSynchronizedBuildFileExceptionSet section */

/* Begin PBXFileSystemSynchronizedRootGroup section */
		2FDF3A5C2F9B02B7008A810F /* Protocols */ = {isa = PBXFileSystemSynchronizedRootGroup; explicitFileTypes = {}; explicitFolders = (); path = Protocols; sourceTree = "<group>"; };
		2FDF3A9B2F9B02BD008A810F /* Extensions */ = {isa = PBXFileSystemSynchronizedRootGroup; explicitFileTypes = {}; explicitFolders = (); path = Extensions; sourceTree = "<group>"; };
		2FDF3AD52F9B02C4008A810F /* Utils */ = {isa = PBXFileSystemSynchronizedRootGroup; explicitFileTypes = {}; explicitFolders = (); path = Utils; sourceTree = "<group>"; };
		2FDF3AEA2F9B02C8008A810F /* Objcs */ = {isa = PBXFileSystemSynchronizedRootGroup; exceptions = (2FDF3AF22F9B02C9008A810F /* PBXFileSystemSynchronizedBuildFileExceptionSet */, ); explicitFileTypes = {}; explicitFolders = (); path = Objcs; sourceTree = "<group>"; };
/* End PBXFileSystemSynchronizedRootGroup section */

/* Begin PBXFrameworksBuildPhase section */
		EF3BB09B207AE60400857D26 /* Frameworks */ = {
			isa = PBXFrameworksBuildPhase;
			buildActionMask = 2147483647;
			files = (
			);
			runOnlyForDeploymentPostprocessing = 0;
		};
		EF3BB0AF207AE60500857D26 /* Frameworks */ = {
			isa = PBXFrameworksBuildPhase;
			buildActionMask = 2147483647;
			files = (
			);
			runOnlyForDeploymentPostprocessing = 0;
		};
/* End PBXFrameworksBuildPhase section */

/* Begin PBXGroup section */
		EF2C6803207AE7A9000C07BA /* JLKit */ = {
			isa = PBXGroup;
			children = (
				2FDF3AD52F9B02C4008A810F /* Utils */,
				2FDF3AEA2F9B02C8008A810F /* Objcs */,
				2FDF3A5C2F9B02B7008A810F /* Protocols */,
				2FDF3A9B2F9B02BD008A810F /* Extensions */,
			);
			name = JLKit;
			path = ../JLKit;
			sourceTree = "<group>";
		};
		EF3BB095207AE60400857D26 = {
			isa = PBXGroup;
			children = (
				EFE449A5213F5F4E0022B495 /* JLKit_Swift.podspec */,
				EF2C6803207AE7A9000C07BA /* JLKit */,
				EF3BB0A0207AE60400857D26 /* JLKit_Swift */,
				EF3BB0B5207AE60600857D26 /* JLKit_SwiftUITests */,
				EF3BB09F207AE60400857D26 /* Products */,
			);
			sourceTree = "<group>";
		};
		EF3BB09F207AE60400857D26 /* Products */ = {
			isa = PBXGroup;
			children = (
				EF3BB09E207AE60400857D26 /* JLKit_Swift.app */,
				EF3BB0B2207AE60500857D26 /* JLKit_SwiftUITests.xctest */,
			);
			name = Products;
			sourceTree = "<group>";
		};
		EF3BB0A0207AE60400857D26 /* JLKit_Swift */ = {
			isa = PBXGroup;
			children = (
				EF3BB0A1207AE60400857D26 /* AppDelegate.swift */,
				EF3BB0A3207AE60400857D26 /* ViewController.swift */,
				EF2C682A207AE9BB000C07BA /* JLKit_Swift-Bridging-Header.h */,
				EF3BB0A8207AE60500857D26 /* Assets.xcassets */,
				EFE4499F213E4C770022B495 /* LaunchScreen.storyboard */,
				EFE449A0213E4C770022B495 /* Main.storyboard */,
				EF3BB0AD207AE60500857D26 /* Info.plist */,
			);
			path = JLKit_Swift;
			sourceTree = "<group>";
		};
		EF3BB0B5207AE60600857D26 /* JLKit_SwiftUITests */ = {
			isa = PBXGroup;
			children = (
				EF3BB0B6207AE60600857D26 /* JLKit_SwiftUITests.swift */,
				EF3BB0B8207AE60600857D26 /* Info.plist */,
			);
			path = JLKit_SwiftUITests;
			sourceTree = "<group>";
		};
/* End PBXGroup section */

/* Begin PBXNativeTarget section */
		EF3BB09D207AE60400857D26 /* JLKit_Swift */ = {
			isa = PBXNativeTarget;
			buildConfigurationList = EF3BB0BB207AE60600857D26 /* Build configuration list for PBXNativeTarget "JLKit_Swift" */;
			buildPhases = (
				EF3BB09A207AE60400857D26 /* Sources */,
				EF3BB09B207AE60400857D26 /* Frameworks */,
				EF3BB09C207AE60400857D26 /* Resources */,
				2AC7A95454744BDF9732B7CC /* SwiftFormat */,
			);
			buildRules = (
			);
			dependencies = (
			);
			fileSystemSynchronizedGroups = (
				2FDF3A5C2F9B02B7008A810F /* Protocols */,
				2FDF3A9B2F9B02BD008A810F /* Extensions */,
				2FDF3AD52F9B02C4008A810F /* Utils */,
			);
			name = JLKit_Swift;
			productName = JLKit_Swift;
			productReference = EF3BB09E207AE60400857D26 /* JLKit_Swift.app */;
			productType = "com.apple.product-type.application";
		};
		EF3BB0B1207AE60500857D26 /* JLKit_SwiftUITests */ = {
			isa = PBXNativeTarget;
			buildConfigurationList = EF3BB0BE207AE60600857D26 /* Build configuration list for PBXNativeTarget "JLKit_SwiftUITests" */;
			buildPhases = (
				EF3BB0AE207AE60500857D26 /* Sources */,
				EF3BB0AF207AE60500857D26 /* Frameworks */,
				EF3BB0B0207AE60500857D26 /* Resources */,
			);
			buildRules = (
			);
			dependencies = (
				EF3BB0B4207AE60500857D26 /* PBXTargetDependency */,
			);
			name = JLKit_SwiftUITests;
			productName = JLKit_SwiftUITests;
			productReference = EF3BB0B2207AE60500857D26 /* JLKit_SwiftUITests.xctest */;
			productType = "com.apple.product-type.bundle.ui-testing";
		};
/* End PBXNativeTarget section */

/* Begin PBXProject section */
		EF3BB096207AE60400857D26 /* Project object */ = {
			isa = PBXProject;
			attributes = {
				LastSwiftUpdateCheck = 0930;
				LastUpgradeCheck = 1320;
				ORGANIZATIONNAME = Woody;
				TargetAttributes = {
					EF3BB09D207AE60400857D26 = {
						CreatedOnToolsVersion = 9.3;
						LastSwiftMigration = 1020;
					};
					EF3BB0B1207AE60500857D26 = {
						CreatedOnToolsVersion = 9.3;
						LastSwiftMigration = 1020;
						TestTargetID = EF3BB09D207AE60400857D26;
					};
				};
			};
			buildConfigurationList = EF3BB099207AE60400857D26 /* Build configuration list for PBXProject "JLKit_Swift" */;
			compatibilityVersion = "Xcode 9.3";
			developmentRegion = en;
			hasScannedForEncodings = 0;
			knownRegions = (
				en,
				Base,
			);
			mainGroup = EF3BB095207AE60400857D26;
			productRefGroup = EF3BB09F207AE60400857D26 /* Products */;
			projectDirPath = "";
			projectRoot = "";
			targets = (
				EF3BB09D207AE60400857D26 /* JLKit_Swift */,
				EF3BB0B1207AE60500857D26 /* JLKit_SwiftUITests */,
			);
		};
/* End PBXProject section */

/* Begin PBXResourcesBuildPhase section */
		EF3BB09C207AE60400857D26 /* Resources */ = {
			isa = PBXResourcesBuildPhase;
			buildActionMask = 2147483647;
			files = (
				EFE449A2213E4C770022B495 /* Main.storyboard in Resources */,
				EFE449A6213F5F4E0022B495 /* JLKit_Swift.podspec in Resources */,
				EF3BB0A9207AE60500857D26 /* Assets.xcassets in Resources */,
				EFE449A1213E4C770022B495 /* LaunchScreen.storyboard in Resources */,
			);
			runOnlyForDeploymentPostprocessing = 0;
		};
		EF3BB0B0207AE60500857D26 /* Resources */ = {
			isa = PBXResourcesBuildPhase;
			buildActionMask = 2147483647;
			files = (
			);
			runOnlyForDeploymentPostprocessing = 0;
		};
/* End PBXResourcesBuildPhase section */

/* Begin PBXShellScriptBuildPhase section */
		2AC7A95454744BDF9732B7CC /* SwiftFormat */ = {
			isa = PBXShellScriptBuildPhase;
			buildActionMask = 2147483647;
			files = (
			);
			inputFileListPaths = (
			);
			inputPaths = (
			);
			name = SwiftFormat;
			outputFileListPaths = (
			);
			outputPaths = (
			);
			runOnlyForDeploymentPostprocessing = 0;
			shellPath = /bin/sh;
			shellScript = "if which swiftformat > /dev/null; then\n  swiftformat . ../JLKit --config .swiftformat\nelse\n  echo \"warning: SwiftFormat not installed. Install via: brew install swiftformat\"\nfi\n";
		};
/* End PBXShellScriptBuildPhase section */

/* Begin PBXSourcesBuildPhase section */
		EF3BB09A207AE60400857D26 /* Sources */ = {
			isa = PBXSourcesBuildPhase;
			buildActionMask = 2147483647;
			files = (
				EF3BB0A4207AE60400857D26 /* ViewController.swift in Sources */,
				EF3BB0A2207AE60400857D26 /* AppDelegate.swift in Sources */,
			);
			runOnlyForDeploymentPostprocessing = 0;
		};
		EF3BB0AE207AE60500857D26 /* Sources */ = {
			isa = PBXSourcesBuildPhase;
			buildActionMask = 2147483647;
			files = (
				EF3BB0B7207AE60600857D26 /* JLKit_SwiftUITests.swift in Sources */,
			);
			runOnlyForDeploymentPostprocessing = 0;
		};
/* End PBXSourcesBuildPhase section */

/* Begin PBXTargetDependency section */
		EF3BB0B4207AE60500857D26 /* PBXTargetDependency */ = {
			isa = PBXTargetDependency;
			target = EF3BB09D207AE60400857D26 /* JLKit_Swift */;
			targetProxy = EF3BB0B3207AE60500857D26 /* PBXContainerItemProxy */;
		};
/* End PBXTargetDependency section */

/* Begin XCBuildConfiguration section */
		EF3BB0B9207AE60600857D26 /* Debug */ = {
			isa = XCBuildConfiguration;
			buildSettings = {
				ALWAYS_SEARCH_USER_PATHS = NO;
				CLANG_ANALYZER_LOCALIZABILITY_NONLOCALIZED = YES;
				CLANG_ANALYZER_NONNULL = YES;
				CLANG_ANALYZER_NUMBER_OBJECT_CONVERSION = YES_AGGRESSIVE;
				CLANG_CXX_LANGUAGE_STANDARD = "gnu++14";
				CLANG_CXX_LIBRARY = "libc++";
				CLANG_ENABLE_MODULES = YES;
				CLANG_ENABLE_OBJC_ARC = YES;
				CLANG_ENABLE_OBJC_WEAK = YES;
				CLANG_WARN_BLOCK_CAPTURE_AUTORELEASING = YES;
				CLANG_WARN_BOOL_CONVERSION = YES;
				CLANG_WARN_COMMA = YES;
				CLANG_WARN_CONSTANT_CONVERSION = YES;
				CLANG_WARN_DEPRECATED_OBJC_IMPLEMENTATIONS = YES;
				CLANG_WARN_DIRECT_OBJC_ISA_USAGE = YES_ERROR;
				CLANG_WARN_DOCUMENTATION_COMMENTS = YES;
				CLANG_WARN_EMPTY_BODY = YES;
				CLANG_WARN_ENUM_CONVERSION = YES;
				CLANG_WARN_INFINITE_RECURSION = YES;
				CLANG_WARN_INT_CONVERSION = YES;
				CLANG_WARN_NON_LITERAL_NULL_CONVERSION = YES;
				CLANG_WARN_OBJC_IMPLICIT_RETAIN_SELF = YES;
				CLANG_WARN_OBJC_LITERAL_CONVERSION = YES;
				CLANG_WARN_OBJC_ROOT_CLASS = YES_ERROR;
				CLANG_WARN_QUOTED_INCLUDE_IN_FRAMEWORK_HEADER = YES;
				CLANG_WARN_RANGE_LOOP_ANALYSIS = YES;
				CLANG_WARN_STRICT_PROTOTYPES = YES;
				CLANG_WARN_SUSPICIOUS_MOVE = YES;
				CLANG_WARN_UNGUARDED_AVAILABILITY = YES_AGGRESSIVE;
				CLANG_WARN_UNREACHABLE_CODE = YES;
				CLANG_WARN__DUPLICATE_METHOD_MATCH = YES;
				CODE_SIGN_IDENTITY = "iPhone Developer";
				COPY_PHASE_STRIP = NO;
				DEBUG_INFORMATION_FORMAT = dwarf;
				ENABLE_STRICT_OBJC_MSGSEND = YES;
				ENABLE_TESTABILITY = YES;
				GCC_C_LANGUAGE_STANDARD = gnu11;
				GCC_DYNAMIC_NO_PIC = NO;
				GCC_NO_COMMON_BLOCKS = YES;
				GCC_OPTIMIZATION_LEVEL = 0;
				GCC_PREPROCESSOR_DEFINITIONS = (
					"DEBUG=1",
					"$(inherited)",
				);
				GCC_WARN_64_TO_32_BIT_CONVERSION = YES;
				GCC_WARN_ABOUT_RETURN_TYPE = YES_ERROR;
				GCC_WARN_UNDECLARED_SELECTOR = YES;
				GCC_WARN_UNINITIALIZED_AUTOS = YES_AGGRESSIVE;
				GCC_WARN_UNUSED_FUNCTION = YES;
				GCC_WARN_UNUSED_VARIABLE = YES;
				IPHONEOS_DEPLOYMENT_TARGET = 13.0;
				MTL_ENABLE_DEBUG_INFO = YES;
				ONLY_ACTIVE_ARCH = YES;
				SDKROOT = iphoneos;
				SWIFT_ACTIVE_COMPILATION_CONDITIONS = DEBUG;
				SWIFT_OPTIMIZATION_LEVEL = "-Onone";
				TARGETED_DEVICE_FAMILY = "1,2,4";
			};
			name = Debug;
		};
		EF3BB0BA207AE60600857D26 /* Release */ = {
			isa = XCBuildConfiguration;
			buildSettings = {
				ALWAYS_SEARCH_USER_PATHS = NO;
				CLANG_ANALYZER_LOCALIZABILITY_NONLOCALIZED = YES;
				CLANG_ANALYZER_NONNULL = YES;
				CLANG_ANALYZER_NUMBER_OBJECT_CONVERSION = YES_AGGRESSIVE;
				CLANG_CXX_LANGUAGE_STANDARD = "gnu++14";
				CLANG_CXX_LIBRARY = "libc++";
				CLANG_ENABLE_MODULES = YES;
				CLANG_ENABLE_OBJC_ARC = YES;
				CLANG_ENABLE_OBJC_WEAK = YES;
				CLANG_WARN_BLOCK_CAPTURE_AUTORELEASING = YES;
				CLANG_WARN_BOOL_CONVERSION = YES;
				CLANG_WARN_COMMA = YES;
				CLANG_WARN_CONSTANT_CONVERSION = YES;
				CLANG_WARN_DEPRECATED_OBJC_IMPLEMENTATIONS = YES;
				CLANG_WARN_DIRECT_OBJC_ISA_USAGE = YES_ERROR;
				CLANG_WARN_DOCUMENTATION_COMMENTS = YES;
				CLANG_WARN_EMPTY_BODY = YES;
				CLANG_WARN_ENUM_CONVERSION = YES;
				CLANG_WARN_INFINITE_RECURSION = YES;
				CLANG_WARN_INT_CONVERSION = YES;
				CLANG_WARN_NON_LITERAL_NULL_CONVERSION = YES;
				CLANG_WARN_OBJC_IMPLICIT_RETAIN_SELF = YES;
				CLANG_WARN_OBJC_LITERAL_CONVERSION = YES;
				CLANG_WARN_OBJC_ROOT_CLASS = YES_ERROR;
				CLANG_WARN_QUOTED_INCLUDE_IN_FRAMEWORK_HEADER = YES;
				CLANG_WARN_RANGE_LOOP_ANALYSIS = YES;
				CLANG_WARN_STRICT_PROTOTYPES = YES;
				CLANG_WARN_SUSPICIOUS_MOVE = YES;
				CLANG_WARN_UNGUARDED_AVAILABILITY = YES_AGGRESSIVE;
				CLANG_WARN_UNREACHABLE_CODE = YES;
				CLANG_WARN__DUPLICATE_METHOD_MATCH = YES;
				CODE_SIGN_IDENTITY = "iPhone Developer";
				COPY_PHASE_STRIP = NO;
				DEBUG_INFORMATION_FORMAT = "dwarf-with-dsym";
				ENABLE_NS_ASSERTIONS = NO;
				ENABLE_STRICT_OBJC_MSGSEND = YES;
				GCC_C_LANGUAGE_STANDARD = gnu11;
				GCC_NO_COMMON_BLOCKS = YES;
				GCC_WARN_64_TO_32_BIT_CONVERSION = YES;
				GCC_WARN_ABOUT_RETURN_TYPE = YES_ERROR;
				GCC_WARN_UNDECLARED_SELECTOR = YES;
				GCC_WARN_UNINITIALIZED_AUTOS = YES_AGGRESSIVE;
				GCC_WARN_UNUSED_FUNCTION = YES;
				GCC_WARN_UNUSED_VARIABLE = YES;
				IPHONEOS_DEPLOYMENT_TARGET = 13.0;
				MTL_ENABLE_DEBUG_INFO = NO;
				SDKROOT = iphoneos;
				SWIFT_COMPILATION_MODE = wholemodule;
				SWIFT_OPTIMIZATION_LEVEL = "-Onone";
				TARGETED_DEVICE_FAMILY = "1,2,4";
				VALIDATE_PRODUCT = YES;
			};
			name = Release;
		};
		EF3BB0BC207AE60600857D26 /* Debug */ = {
			isa = XCBuildConfiguration;
			buildSettings = {
				ASSETCATALOG_COMPILER_APPICON_NAME = AppIcon;
				CLANG_ENABLE_MODULES = YES;
				CODE_SIGN_STYLE = Automatic;
				DEVELOPMENT_TEAM = 9RT68BBMY9;
				INFOPLIST_FILE = JLKit_Swift/Info.plist;
				IPHONEOS_DEPLOYMENT_TARGET = 13.0;
				LD_RUNPATH_SEARCH_PATHS = (
					"$(inherited)",
					"@executable_path/Frameworks",
				);
				MARKETING_VERSION = 0.0.101;
				PRODUCT_BUNDLE_IDENTIFIER = "kr.dalkomm.JLKit-Swift";
				PRODUCT_NAME = "$(TARGET_NAME)";
				SWIFT_OBJC_BRIDGING_HEADER = "JLKit_Swift/JLKit_Swift-Bridging-Header.h";
				SWIFT_OPTIMIZATION_LEVEL = "-Onone";
				SWIFT_VERSION = 5.0;
				TARGETED_DEVICE_FAMILY = "1,2,4";
			};
			name = Debug;
		};
		EF3BB0BD207AE60600857D26 /* Release */ = {
			isa = XCBuildConfiguration;
			buildSettings = {
				ASSETCATALOG_COMPILER_APPICON_NAME = AppIcon;
				CLANG_ENABLE_MODULES = YES;
				CODE_SIGN_STYLE = Automatic;
				DEVELOPMENT_TEAM = 9RT68BBMY9;
				INFOPLIST_FILE = JLKit_Swift/Info.plist;
				IPHONEOS_DEPLOYMENT_TARGET = 13.0;
				LD_RUNPATH_SEARCH_PATHS = (
					"$(inherited)",
					"@executable_path/Frameworks",
				);
				MARKETING_VERSION = 0.0.101;
				PRODUCT_BUNDLE_IDENTIFIER = "kr.dalkomm.JLKit-Swift";
				PRODUCT_NAME = "$(TARGET_NAME)";
				SWIFT_OBJC_BRIDGING_HEADER = "JLKit_Swift/JLKit_Swift-Bridging-Header.h";
				SWIFT_OPTIMIZATION_LEVEL = "-Onone";
				SWIFT_VERSION = 5.0;
				TARGETED_DEVICE_FAMILY = "1,2,4";
			};
			name = Release;
		};
		EF3BB0BF207AE60600857D26 /* Debug */ = {
			isa = XCBuildConfiguration;
			buildSettings = {
				ALWAYS_EMBED_SWIFT_STANDARD_LIBRARIES = YES;
				CODE_SIGN_STYLE = Automatic;
				DEVELOPMENT_TEAM = 9RT68BBMY9;
				INFOPLIST_FILE = JLKit_SwiftUITests/Info.plist;
				LD_RUNPATH_SEARCH_PATHS = (
					"$(inherited)",
					"@executable_path/Frameworks",
					"@loader_path/Frameworks",
				);
				PRODUCT_BUNDLE_IDENTIFIER = "kr.dalkomm.JLKit-SwiftUITests";
				PRODUCT_NAME = "$(TARGET_NAME)";
				SWIFT_OPTIMIZATION_LEVEL = "-Onone";
				SWIFT_VERSION = 5.0;
				TARGETED_DEVICE_FAMILY = "1,2,4";
				TEST_TARGET_NAME = JLKit_Swift;
			};
			name = Debug;
		};
		EF3BB0C0207AE60600857D26 /* Release */ = {
			isa = XCBuildConfiguration;
			buildSettings = {
				ALWAYS_EMBED_SWIFT_STANDARD_LIBRARIES = YES;
				CODE_SIGN_STYLE = Automatic;
				DEVELOPMENT_TEAM = 9RT68BBMY9;
				INFOPLIST_FILE = JLKit_SwiftUITests/Info.plist;
				LD_RUNPATH_SEARCH_PATHS = (
					"$(inherited)",
					"@executable_path/Frameworks",
					"@loader_path/Frameworks",
				);
				PRODUCT_BUNDLE_IDENTIFIER = "kr.dalkomm.JLKit-SwiftUITests";
				PRODUCT_NAME = "$(TARGET_NAME)";
				SWIFT_OPTIMIZATION_LEVEL = "-Onone";
				SWIFT_VERSION = 5.0;
				TARGETED_DEVICE_FAMILY = "1,2,4";
				TEST_TARGET_NAME = JLKit_Swift;
			};
			name = Release;
		};
/* End XCBuildConfiguration section */

/* Begin XCConfigurationList section */
		EF3BB099207AE60400857D26 /* Build configuration list for PBXProject "JLKit_Swift" */ = {
			isa = XCConfigurationList;
			buildConfigurations = (
				EF3BB0B9207AE60600857D26 /* Debug */,
				EF3BB0BA207AE60600857D26 /* Release */,
			);
			defaultConfigurationIsVisible = 0;
			defaultConfigurationName = Release;
		};
		EF3BB0BB207AE60600857D26 /* Build configuration list for PBXNativeTarget "JLKit_Swift" */ = {
			isa = XCConfigurationList;
			buildConfigurations = (
				EF3BB0BC207AE60600857D26 /* Debug */,
				EF3BB0BD207AE60600857D26 /* Release */,
			);
			defaultConfigurationIsVisible = 0;
			defaultConfigurationName = Release;
		};
		EF3BB0BE207AE60600857D26 /* Build configuration list for PBXNativeTarget "JLKit_SwiftUITests" */ = {
			isa = XCConfigurationList;
			buildConfigurations = (
				EF3BB0BF207AE60600857D26 /* Debug */,
				EF3BB0C0207AE60600857D26 /* Release */,
			);
			defaultConfigurationIsVisible = 0;
			defaultConfigurationName = Release;
		};
/* End XCConfigurationList section */
	};
	rootObject = EF3BB096207AE60400857D26 /* Project object */;
}
